<?xml version="1.0" encoding="utf-8"?>
<Project ToolsVersion="4.0" xmlns="http://schemas.microsoft.com/developer/msbuild/2003">
  <ItemGroup>
    <ClCompile Include="src\Camera.cpp">
      <Filter>Camera</Filter>
    </ClCompile>
    <ClCompile Include="src\main.cpp" />
    <ClCompile Include="src\Logger.cpp">
      <Filter>Log</Filter>
    </ClCompile>
    <ClCompile Include="src\Mesh.cpp">
      <Filter>objects</Filter>
    </ClCompile>
    <ClCompile Include="src\PerspectiveCamera.cpp">
      <Filter>Camera</Filter>
    </ClCompile>
    <ClCompile Include="src\Triangle.cpp">
      <Filter>objects</Filter>
    </ClCompile>
    <ClCompile Include="src\Skybox.cpp">
      <Filter>objects</Filter>
    </ClCompile>
    <ClCompile Include="src\CubeMapTexture.cpp">
      <Filter>Misc</Filter>
    </ClCompile>
    <ClCompile Include="src\Octree.cpp">
      <Filter>Datastructures</Filter>
    </ClCompile>
    <ClCompile Include="includes\glutil\glutil.cpp" />
    <ClCompile Include="src\collision\Collider.cpp">
      <Filter>Collider</Filter>
    </ClCompile>
    <ClCompile Include="src\objects\Scene.cpp">
      <Filter>objects</Filter>
    </ClCompile>
    <ClCompile Include="src\core\Renderer.cpp">
      <Filter>core</Filter>
    </ClCompile>
  </ItemGroup>
  <ItemGroup>
    <ClInclude Include="includes\Camera.h">
      <Filter>Camera</Filter>
    </ClInclude>
    <ClInclude Include="includes\Logger.h">
      <Filter>Log</Filter>
    </ClInclude>
    <ClInclude Include="includes\Mesh.h">
      <Filter>objects</Filter>
    </ClInclude>
    <ClInclude Include="includes\PerspectiveCamera.h">
      <Filter>Camera</Filter>
    </ClInclude>
    <ClInclude Include="includes\Triangle.h">
      <Filter>objects</Filter>
    </ClInclude>
    <ClInclude Include="includes\Skybox.h">
      <Filter>objects</Filter>
    </ClInclude>
    <ClInclude Include="includes\CubeMapTexture.h">
      <Filter>Misc</Filter>
    </ClInclude>
    <ClInclude Include="includes\Octree.h">
      <Filter>Datastructures</Filter>
    </ClInclude>
    <ClInclude Include="includes\AABB.h">
      <Filter>Datastructures</Filter>
    </ClInclude>
    <ClInclude Include="includes\glutil\glutil.h" />
    <ClInclude Include="src\collision\Collider.h">
      <Filter>Collider</Filter>
    </ClInclude>
    <ClInclude Include="src\objects\Scene.h">
      <Filter>objects</Filter>
    </ClInclude>
    <ClInclude Include="src\core\Renderer.h">
      <Filter>core</Filter>
    </ClInclude>
  </ItemGroup>
  <ItemGroup>
    <Filter Include="Camera">
      <UniqueIdentifier>{fd6bd92f-f0fd-4c92-9b7a-adb9aa764281}</UniqueIdentifier>
    </Filter>
    <Filter Include="Log">
      <UniqueIdentifier>{ff705bec-bc0f-404b-bc7e-7ef5d35ba843}</UniqueIdentifier>
    </Filter>
    <Filter Include="objects">
      <UniqueIdentifier>{21bc5326-1e9d-446b-9a95-93d308cb89d2}</UniqueIdentifier>
    </Filter>
    <Filter Include="Misc">
      <UniqueIdentifier>{e85cdfa9-6b11-49aa-894c-dcd8f4707759}</UniqueIdentifier>
    </Filter>
    <Filter Include="shaders">
      <UniqueIdentifier>{de3367d8-bb4e-4390-b674-63361a560b90}</UniqueIdentifier>
    </Filter>
    <Filter Include="Datastructures">
      <UniqueIdentifier>{f33b1c84-0e06-4c57-9328-2a8b840c387b}</UniqueIdentifier>
    </Filter>
    <Filter Include="Collider">
      <UniqueIdentifier>{464f9930-cb97-4e31-abde-7cfdf4fb091d}</UniqueIdentifier>
    </Filter>
    <Filter Include="core">
      <UniqueIdentifier>{672f009d-705e-44df-8217-cd4220849f13}</UniqueIdentifier>
    </Filter>
  </ItemGroup>
</Project>