<?xml version="1.0" encoding="utf-8"?>
<Project ToolsVersion="4.0" xmlns="http://schemas.microsoft.com/developer/msbuild/2003">
  <ItemGroup>
    <ClCompile Include="main.cpp" />
    <ClCompile Include="Octree.cpp" />
    <ClCompile Include="Triangle.cpp" />
    <ClCompile Include="Camera.cpp">
      <Filter>Camera</Filter>
    </ClCompile>
    <ClCompile Include="SceneRenderer.cpp" />
    <ClCompile Include="PerspectiveCamera.cpp">
      <Filter>Camera</Filter>
    </ClCompile>
    <ClCompile Include="Logger.cpp">
      <Filter>Log</Filter>
    </ClCompile>
    <ClCompile Include="Mesh.cpp">
      <Filter>objects</Filter>
    </ClCompile>
  </ItemGroup>
  <ItemGroup>
    <ClInclude Include="Octree.h" />
    <ClInclude Include="Triangle.h" />
    <ClInclude Include="Camera.h">
      <Filter>Camera</Filter>
    </ClInclude>
    <ClInclude Include="SceneRenderer.h" />
    <ClInclude Include="PerspectiveCamera.h">
      <Filter>Camera</Filter>
    </ClInclude>
    <ClInclude Include="Logger.h">
      <Filter>Log</Filter>
    </ClInclude>
    <ClInclude Include="Mesh.h">
      <Filter>objects</Filter>
    </ClInclude>
  </ItemGroup>
  <ItemGroup>
    <None Include="cutoff.frag" />
    <None Include="horizontal_blur.frag" />
    <None Include="postFx.frag" />
    <None Include="postFx.vert" />
    <None Include="shadowMap.frag" />
    <None Include="shadowMap.vert" />
    <None Include="simple.frag" />
    <None Include="simple.vert" />
    <None Include="vertical_blur.frag" />
  </ItemGroup>
  <ItemGroup>
    <Filter Include="Camera">
      <UniqueIdentifier>{fd6bd92f-f0fd-4c92-9b7a-adb9aa764281}</UniqueIdentifier>
    </Filter>
    <Filter Include="Log">
      <UniqueIdentifier>{ff705bec-bc0f-404b-bc7e-7ef5d35ba843}</UniqueIdentifier>
    </Filter>
    <Filter Include="objects">
      <UniqueIdentifier>{21bc5326-1e9d-446b-9a95-93d308cb89d2}</UniqueIdentifier>
    </Filter>
  </ItemGroup>
</Project>